// !$*UTF8*$!
{
	archiveVersion = 1;
	classes = {
	};
	objectVersion = 50;
	objects = {

/* Begin PBXBuildFile section */
		A11BF2A0252C558B000F1CF8 /* IJKPlayerViewController.m in Sources */ = {isa = PBXBuildFile; fileRef = A11BF29F252C558B000F1CF8 /* IJKPlayerViewController.m */; };
		A12598042529C9F900582697 /* AppDelegate.m in Sources */ = {isa = PBXBuildFile; fileRef = A12598032529C9F900582697 /* AppDelegate.m */; };
		A12598072529C9F900582697 /* SceneDelegate.m in Sources */ = {isa = PBXBuildFile; fileRef = A12598062529C9F900582697 /* SceneDelegate.m */; };
		A125980A2529C9F900582697 /* ViewController.m in Sources */ = {isa = PBXBuildFile; fileRef = A12598092529C9F900582697 /* ViewController.m */; };
		A125980D2529C9F900582697 /* Main.storyboard in Resources */ = {isa = PBXBuildFile; fileRef = A125980B2529C9F900582697 /* Main.storyboard */; };
		A125980F2529C9FA00582697 /* Assets.xcassets in Resources */ = {isa = PBXBuildFile; fileRef = A125980E2529C9FA00582697 /* Assets.xcassets */; };
		A12598122529C9FA00582697 /* LaunchScreen.storyboard in Resources */ = {isa = PBXBuildFile; fileRef = A12598102529C9FA00582697 /* LaunchScreen.storyboard */; };
		A12598152529C9FA00582697 /* main.m in Sources */ = {isa = PBXBuildFile; fileRef = A12598142529C9FA00582697 /* main.m */; };
		A125981F2529C9FA00582697 /* IJKPlayerTestTests.m in Sources */ = {isa = PBXBuildFile; fileRef = A125981E2529C9FA00582697 /* IJKPlayerTestTests.m */; };
		A125982A2529C9FA00582697 /* IJKPlayerTestUITests.m in Sources */ = {isa = PBXBuildFile; fileRef = A12598292529C9FA00582697 /* IJKPlayerTestUITests.m */; };
		A1815999252A07EA0067529D /* AVFoundation.framework in Frameworks */ = {isa = PBXBuildFile; fileRef = A1815998252A07EA0067529D /* AVFoundation.framework */; };
		A181599B252A07FB0067529D /* AudioToolbox.framework in Frameworks */ = {isa = PBXBuildFile; fileRef = A181599A252A07FB0067529D /* AudioToolbox.framework */; };
		A181599D252A08070067529D /* CoreGraphics.framework in Frameworks */ = {isa = PBXBuildFile; fileRef = A181599C252A08070067529D /* CoreGraphics.framework */; };
		A181599F252A08130067529D /* CoreMedia.framework in Frameworks */ = {isa = PBXBuildFile; fileRef = A181599E252A08130067529D /* CoreMedia.framework */; };
		A18159A1252A081F0067529D /* CoreVideo.framework in Frameworks */ = {isa = PBXBuildFile; fileRef = A18159A0252A081F0067529D /* CoreVideo.framework */; };
		A18159A3252A082D0067529D /* libbz2.tbd in Frameworks */ = {isa = PBXBuildFile; fileRef = A18159A2252A082D0067529D /* libbz2.tbd */; };
		A18159A8252A083A0067529D /* libz.tbd in Frameworks */ = {isa = PBXBuildFile; fileRef = A18159A7252A083A0067529D /* libz.tbd */; };
		A18159AD252A08470067529D /* MediaPlayer.framework in Frameworks */ = {isa = PBXBuildFile; fileRef = A18159AC252A08470067529D /* MediaPlayer.framework */; };
		A18159AF252A085B0067529D /* MobileCoreServices.framework in Frameworks */ = {isa = PBXBuildFile; fileRef = A18159AE252A085B0067529D /* MobileCoreServices.framework */; };
		A18159B1252A08690067529D /* OpenGLES.framework in Frameworks */ = {isa = PBXBuildFile; fileRef = A18159B0252A08680067529D /* OpenGLES.framework */; };
		A18159B3252A08750067529D /* QuartzCore.framework in Frameworks */ = {isa = PBXBuildFile; fileRef = A18159B2252A08750067529D /* QuartzCore.framework */; };
		A18159B5252A08830067529D /* UIKit.framework in Frameworks */ = {isa = PBXBuildFile; fileRef = A18159B4252A08830067529D /* UIKit.framework */; };
		A18159B7252A088E0067529D /* VideoToolbox.framework in Frameworks */ = {isa = PBXBuildFile; fileRef = A18159B6252A088E0067529D /* VideoToolbox.framework */; };
		A18159BC252A08B10067529D /* libc++.tbd in Frameworks */ = {isa = PBXBuildFile; fileRef = A18159BB252A08B10067529D /* libc++.tbd */; };
		A1835E05252F3AD3003F8645 /* TouchButton.m in Sources */ = {isa = PBXBuildFile; fileRef = A1835E04252F3AD3003F8645 /* TouchButton.m */; };
		A1835E0A252F614F003F8645 /* imagegif.gif in Resources */ = {isa = PBXBuildFile; fileRef = A1835E09252F614E003F8645 /* imagegif.gif */; };
		A1835E0F252F61D5003F8645 /* jietu.jpeg in Resources */ = {isa = PBXBuildFile; fileRef = A1835E0E252F61D5003F8645 /* jietu.jpeg */; };
		A18C3D03252B527100BC8FEE /* IJKMediaFramework.framework in Frameworks */ = {isa = PBXBuildFile; fileRef = A18C3D02252B527100BC8FEE /* IJKMediaFramework.framework */; };
/* End PBXBuildFile section */

/* Begin PBXContainerItemProxy section */
		A125981B2529C9FA00582697 /* PBXContainerItemProxy */ = {
			isa = PBXContainerItemProxy;
			containerPortal = A12597F72529C9F900582697 /* Project object */;
			proxyType = 1;
			remoteGlobalIDString = A12597FE2529C9F900582697;
			remoteInfo = IJKPlayerTest;
		};
		A12598262529C9FA00582697 /* PBXContainerItemProxy */ = {
			isa = PBXContainerItemProxy;
			containerPortal = A12597F72529C9F900582697 /* Project object */;
			proxyType = 1;
			remoteGlobalIDString = A12597FE2529C9F900582697;
			remoteInfo = IJKPlayerTest;
		};
/* End PBXContainerItemProxy section */

/* Begin PBXFileReference section */
		A11BF29E252C558B000F1CF8 /* IJKPlayerViewController.h */ = {isa = PBXFileReference; lastKnownFileType = sourcecode.c.h; path = IJKPlayerViewController.h; sourceTree = "<group>"; };
		A11BF29F252C558B000F1CF8 /* IJKPlayerViewController.m */ = {isa = PBXFileReference; lastKnownFileType = sourcecode.c.objc; path = IJKPlayerViewController.m; sourceTree = "<group>"; };
		A12597FF2529C9F900582697 /* IJKPlayerTest.app */ = {isa = PBXFileReference; explicitFileType = wrapper.application; includeInIndex = 0; path = IJKPlayerTest.app; sourceTree = BUILT_PRODUCTS_DIR; };
		A12598022529C9F900582697 /* AppDelegate.h */ = {isa = PBXFileReference; lastKnownFileType = sourcecode.c.h; path = AppDelegate.h; sourceTree = "<group>"; };
		A12598032529C9F900582697 /* AppDelegate.m */ = {isa = PBXFileReference; lastKnownFileType = sourcecode.c.objc; path = AppDelegate.m; sourceTree = "<group>"; };
		A12598052529C9F900582697 /* SceneDelegate.h */ = {isa = PBXFileReference; lastKnownFileType = sourcecode.c.h; path = SceneDelegate.h; sourceTree = "<group>"; };
		A12598062529C9F900582697 /* SceneDelegate.m */ = {isa = PBXFileReference; lastKnownFileType = sourcecode.c.objc; path = SceneDelegate.m; sourceTree = "<group>"; };
		A12598082529C9F900582697 /* ViewController.h */ = {isa = PBXFileReference; lastKnownFileType = sourcecode.c.h; path = ViewController.h; sourceTree = "<group>"; };
		A12598092529C9F900582697 /* ViewController.m */ = {isa = PBXFileReference; lastKnownFileType = sourcecode.c.objc; path = ViewController.m; sourceTree = "<group>"; };
		A125980C2529C9F900582697 /* Base */ = {isa = PBXFileReference; lastKnownFileType = file.storyboard; name = Base; path = Base.lproj/Main.storyboard; sourceTree = "<group>"; };
		A125980E2529C9FA00582697 /* Assets.xcassets */ = {isa = PBXFileReference; lastKnownFileType = folder.assetcatalog; path = Assets.xcassets; sourceTree = "<group>"; };
		A12598112529C9FA00582697 /* Base */ = {isa = PBXFileReference; lastKnownFileType = file.storyboard; name = Base; path = Base.lproj/LaunchScreen.storyboard; sourceTree = "<group>"; };
		A12598132529C9FA00582697 /* Info.plist */ = {isa = PBXFileReference; lastKnownFileType = text.plist.xml; path = Info.plist; sourceTree = "<group>"; };
		A12598142529C9FA00582697 /* main.m */ = {isa = PBXFileReference; lastKnownFileType = sourcecode.c.objc; path = main.m; sourceTree = "<group>"; };
		A125981A2529C9FA00582697 /* IJKPlayerTestTests.xctest */ = {isa = PBXFileReference; explicitFileType = wrapper.cfbundle; includeInIndex = 0; path = IJKPlayerTestTests.xctest; sourceTree = BUILT_PRODUCTS_DIR; };
		A125981E2529C9FA00582697 /* IJKPlayerTestTests.m */ = {isa = PBXFileReference; lastKnownFileType = sourcecode.c.objc; path = IJKPlayerTestTests.m; sourceTree = "<group>"; };
		A12598202529C9FA00582697 /* Info.plist */ = {isa = PBXFileReference; lastKnownFileType = text.plist.xml; path = Info.plist; sourceTree = "<group>"; };
		A12598252529C9FA00582697 /* IJKPlayerTestUITests.xctest */ = {isa = PBXFileReference; explicitFileType = wrapper.cfbundle; includeInIndex = 0; path = IJKPlayerTestUITests.xctest; sourceTree = BUILT_PRODUCTS_DIR; };
		A12598292529C9FA00582697 /* IJKPlayerTestUITests.m */ = {isa = PBXFileReference; lastKnownFileType = sourcecode.c.objc; path = IJKPlayerTestUITests.m; sourceTree = "<group>"; };
		A125982B2529C9FA00582697 /* Info.plist */ = {isa = PBXFileReference; lastKnownFileType = text.plist.xml; path = Info.plist; sourceTree = "<group>"; };
		A1815998252A07EA0067529D /* AVFoundation.framework */ = {isa = PBXFileReference; lastKnownFileType = wrapper.framework; name = AVFoundation.framework; path = System/Library/Frameworks/AVFoundation.framework; sourceTree = SDKROOT; };
		A181599A252A07FB0067529D /* AudioToolbox.framework */ = {isa = PBXFileReference; lastKnownFileType = wrapper.framework; name = AudioToolbox.framework; path = System/Library/Frameworks/AudioToolbox.framework; sourceTree = SDKROOT; };
		A181599C252A08070067529D /* CoreGraphics.framework */ = {isa = PBXFileReference; lastKnownFileType = wrapper.framework; name = CoreGraphics.framework; path = System/Library/Frameworks/CoreGraphics.framework; sourceTree = SDKROOT; };
		A181599E252A08130067529D /* CoreMedia.framework */ = {isa = PBXFileReference; lastKnownFileType = wrapper.framework; name = CoreMedia.framework; path = System/Library/Frameworks/CoreMedia.framework; sourceTree = SDKROOT; };
		A18159A0252A081F0067529D /* CoreVideo.framework */ = {isa = PBXFileReference; lastKnownFileType = wrapper.framework; name = CoreVideo.framework; path = System/Library/Frameworks/CoreVideo.framework; sourceTree = SDKROOT; };
		A18159A2252A082D0067529D /* libbz2.tbd */ = {isa = PBXFileReference; lastKnownFileType = "sourcecode.text-based-dylib-definition"; name = libbz2.tbd; path = usr/lib/libbz2.tbd; sourceTree = SDKROOT; };
		A18159A7252A083A0067529D /* libz.tbd */ = {isa = PBXFileReference; lastKnownFileType = "sourcecode.text-based-dylib-definition"; name = libz.tbd; path = usr/lib/libz.tbd; sourceTree = SDKROOT; };
		A18159AC252A08470067529D /* MediaPlayer.framework */ = {isa = PBXFileReference; lastKnownFileType = wrapper.framework; name = MediaPlayer.framework; path = System/Library/Frameworks/MediaPlayer.framework; sourceTree = SDKROOT; };
		A18159AE252A085B0067529D /* MobileCoreServices.framework */ = {isa = PBXFileReference; lastKnownFileType = wrapper.framework; name = MobileCoreServices.framework; path = System/Library/Frameworks/MobileCoreServices.framework; sourceTree = SDKROOT; };
		A18159B0252A08680067529D /* OpenGLES.framework */ = {isa = PBXFileReference; lastKnownFileType = wrapper.framework; name = OpenGLES.framework; path = System/Library/Frameworks/OpenGLES.framework; sourceTree = SDKROOT; };
		A18159B2252A08750067529D /* QuartzCore.framework */ = {isa = PBXFileReference; lastKnownFileType = wrapper.framework; name = QuartzCore.framework; path = System/Library/Frameworks/QuartzCore.framework; sourceTree = SDKROOT; };
		A18159B4252A08830067529D /* UIKit.framework */ = {isa = PBXFileReference; lastKnownFileType = wrapper.framework; name = UIKit.framework; path = System/Library/Frameworks/UIKit.framework; sourceTree = SDKROOT; };
		A18159B6252A088E0067529D /* VideoToolbox.framework */ = {isa = PBXFileReference; lastKnownFileType = wrapper.framework; name = VideoToolbox.framework; path = System/Library/Frameworks/VideoToolbox.framework; sourceTree = SDKROOT; };
		A18159BB252A08B10067529D /* libc++.tbd */ = {isa = PBXFileReference; lastKnownFileType = "sourcecode.text-based-dylib-definition"; name = "libc++.tbd"; path = "usr/lib/libc++.tbd"; sourceTree = SDKROOT; };
		A1835E03252F3AD3003F8645 /* TouchButton.h */ = {isa = PBXFileReference; lastKnownFileType = sourcecode.c.h; path = TouchButton.h; sourceTree = "<group>"; };
		A1835E04252F3AD3003F8645 /* TouchButton.m */ = {isa = PBXFileReference; lastKnownFileType = sourcecode.c.objc; path = TouchButton.m; sourceTree = "<group>"; };
		A1835E09252F614E003F8645 /* imagegif.gif */ = {isa = PBXFileReference; lastKnownFileType = image.gif; path = imagegif.gif; sourceTree = "<group>"; };
		A1835E0E252F61D5003F8645 /* jietu.jpeg */ = {isa = PBXFileReference; lastKnownFileType = image.jpeg; path = jietu.jpeg; sourceTree = "<group>"; };
		A18C3D02252B527100BC8FEE /* IJKMediaFramework.framework */ = {isa = PBXFileReference; lastKnownFileType = wrapper.framework; name = IJKMediaFramework.framework; path = Frameworks/IJKMediaFramework.framework; sourceTree = "<group>"; };
/* End PBXFileReference section */

/* Begin PBXFrameworksBuildPhase section */
		A12597FC2529C9F900582697 /* Frameworks */ = {
			isa = PBXFrameworksBuildPhase;
			buildActionMask = 2147483647;
			files = (
				A18C3D03252B527100BC8FEE /* IJKMediaFramework.framework in Frameworks */,
				A18159BC252A08B10067529D /* libc++.tbd in Frameworks */,
				A18159B7252A088E0067529D /* VideoToolbox.framework in Frameworks */,
				A18159B5252A08830067529D /* UIKit.framework in Frameworks */,
				A18159B3252A08750067529D /* QuartzCore.framework in Frameworks */,
				A18159B1252A08690067529D /* OpenGLES.framework in Frameworks */,
				A18159AF252A085B0067529D /* MobileCoreServices.framework in Frameworks */,
				A18159AD252A08470067529D /* MediaPlayer.framework in Frameworks */,
				A18159A8252A083A0067529D /* libz.tbd in Frameworks */,
				A18159A3252A082D0067529D /* libbz2.tbd in Frameworks */,
				A18159A1252A081F0067529D /* CoreVideo.framework in Frameworks */,
				A181599F252A08130067529D /* CoreMedia.framework in Frameworks */,
				A181599D252A08070067529D /* CoreGraphics.framework in Frameworks */,
				A181599B252A07FB0067529D /* AudioToolbox.framework in Frameworks */,
				A1815999252A07EA0067529D /* AVFoundation.framework in Frameworks */,
			);
			runOnlyForDeploymentPostprocessing = 0;
		};
		A12598172529C9FA00582697 /* Frameworks */ = {
			isa = PBXFrameworksBuildPhase;
			buildActionMask = 2147483647;
			files = (
			);
			runOnlyForDeploymentPostprocessing = 0;
		};
		A12598222529C9FA00582697 /* Frameworks */ = {
			isa = PBXFrameworksBuildPhase;
			buildActionMask = 2147483647;
			files = (
			);
			runOnlyForDeploymentPostprocessing = 0;
		};
/* End PBXFrameworksBuildPhase section */

/* Begin PBXGroup section */
		A12597F62529C9F900582697 = {
			isa = PBXGroup;
			children = (
				A1835E0E252F61D5003F8645 /* jietu.jpeg */,
				A1835E09252F614E003F8645 /* imagegif.gif */,
				A12598012529C9F900582697 /* IJKPlayerTest */,
				A125981D2529C9FA00582697 /* IJKPlayerTestTests */,
				A12598282529C9FA00582697 /* IJKPlayerTestUITests */,
				A12598002529C9F900582697 /* Products */,
				A125983F2529CAAA00582697 /* Frameworks */,
			);
			sourceTree = "<group>";
		};
		A12598002529C9F900582697 /* Products */ = {
			isa = PBXGroup;
			children = (
				A12597FF2529C9F900582697 /* IJKPlayerTest.app */,
				A125981A2529C9FA00582697 /* IJKPlayerTestTests.xctest */,
				A12598252529C9FA00582697 /* IJKPlayerTestUITests.xctest */,
			);
			name = Products;
			sourceTree = "<group>";
		};
		A12598012529C9F900582697 /* IJKPlayerTest */ = {
			isa = PBXGroup;
			children = (
				A12598022529C9F900582697 /* AppDelegate.h */,
				A12598032529C9F900582697 /* AppDelegate.m */,
				A12598052529C9F900582697 /* SceneDelegate.h */,
				A12598062529C9F900582697 /* SceneDelegate.m */,
				A12598082529C9F900582697 /* ViewController.h */,
				A12598092529C9F900582697 /* ViewController.m */,
				A125980B2529C9F900582697 /* Main.storyboard */,
				A125980E2529C9FA00582697 /* Assets.xcassets */,
				A12598102529C9FA00582697 /* LaunchScreen.storyboard */,
				A12598132529C9FA00582697 /* Info.plist */,
				A12598142529C9FA00582697 /* main.m */,
				A11BF29E252C558B000F1CF8 /* IJKPlayerViewController.h */,
				A11BF29F252C558B000F1CF8 /* IJKPlayerViewController.m */,
				A1835E03252F3AD3003F8645 /* TouchButton.h */,
				A1835E04252F3AD3003F8645 /* TouchButton.m */,
			);
			path = IJKPlayerTest;
			sourceTree = "<group>";
		};
		A125981D2529C9FA00582697 /* IJKPlayerTestTests */ = {
			isa = PBXGroup;
			children = (
				A125981E2529C9FA00582697 /* IJKPlayerTestTests.m */,
				A12598202529C9FA00582697 /* Info.plist */,
			);
			path = IJKPlayerTestTests;
			sourceTree = "<group>";
		};
		A12598282529C9FA00582697 /* IJKPlayerTestUITests */ = {
			isa = PBXGroup;
			children = (
				A12598292529C9FA00582697 /* IJKPlayerTestUITests.m */,
				A125982B2529C9FA00582697 /* Info.plist */,
			);
			path = IJKPlayerTestUITests;
			sourceTree = "<group>";
		};
		A125983F2529CAAA00582697 /* Frameworks */ = {
			isa = PBXGroup;
			children = (
				A18C3D02252B527100BC8FEE /* IJKMediaFramework.framework */,
				A18159BB252A08B10067529D /* libc++.tbd */,
				A18159B6252A088E0067529D /* VideoToolbox.framework */,
				A18159B4252A08830067529D /* UIKit.framework */,
				A18159B2252A08750067529D /* QuartzCore.framework */,
				A18159B0252A08680067529D /* OpenGLES.framework */,
				A18159AE252A085B0067529D /* MobileCoreServices.framework */,
				A18159AC252A08470067529D /* MediaPlayer.framework */,
				A18159A7252A083A0067529D /* libz.tbd */,
				A18159A2252A082D0067529D /* libbz2.tbd */,
				A18159A0252A081F0067529D /* CoreVideo.framework */,
				A181599E252A08130067529D /* CoreMedia.framework */,
				A181599C252A08070067529D /* CoreGraphics.framework */,
				A181599A252A07FB0067529D /* AudioToolbox.framework */,
				A1815998252A07EA0067529D /* AVFoundation.framework */,
			);
			name = Frameworks;
			sourceTree = "<group>";
		};
/* End PBXGroup section */

/* Begin PBXNativeTarget section */
		A12597FE2529C9F900582697 /* IJKPlayerTest */ = {
			isa = PBXNativeTarget;
			buildConfigurationList = A125982E2529C9FA00582697 /* Build configuration list for PBXNativeTarget "IJKPlayerTest" */;
			buildPhases = (
				A12597FB2529C9F900582697 /* Sources */,
				A12597FC2529C9F900582697 /* Frameworks */,
				A12597FD2529C9F900582697 /* Resources */,
			);
			buildRules = (
			);
			dependencies = (
			);
			name = IJKPlayerTest;
			productName = IJKPlayerTest;
			productReference = A12597FF2529C9F900582697 /* IJKPlayerTest.app */;
			productType = "com.apple.product-type.application";
		};
		A12598192529C9FA00582697 /* IJKPlayerTestTests */ = {
			isa = PBXNativeTarget;
			buildConfigurationList = A12598312529C9FA00582697 /* Build configuration list for PBXNativeTarget "IJKPlayerTestTests" */;
			buildPhases = (
				A12598162529C9FA00582697 /* Sources */,
				A12598172529C9FA00582697 /* Frameworks */,
				A12598182529C9FA00582697 /* Resources */,
			);
			buildRules = (
			);
			dependencies = (
				A125981C2529C9FA00582697 /* PBXTargetDependency */,
			);
			name = IJKPlayerTestTests;
			productName = IJKPlayerTestTests;
			productReference = A125981A2529C9FA00582697 /* IJKPlayerTestTests.xctest */;
			productType = "com.apple.product-type.bundle.unit-test";
		};
		A12598242529C9FA00582697 /* IJKPlayerTestUITests */ = {
			isa = PBXNativeTarget;
			buildConfigurationList = A12598342529C9FA00582697 /* Build configuration list for PBXNativeTarget "IJKPlayerTestUITests" */;
			buildPhases = (
				A12598212529C9FA00582697 /* Sources */,
				A12598222529C9FA00582697 /* Frameworks */,
				A12598232529C9FA00582697 /* Resources */,
			);
			buildRules = (
			);
			dependencies = (
				A12598272529C9FA00582697 /* PBXTargetDependency */,
			);
			name = IJKPlayerTestUITests;
			productName = IJKPlayerTestUITests;
			productReference = A12598252529C9FA00582697 /* IJKPlayerTestUITests.xctest */;
			productType = "com.apple.product-type.bundle.ui-testing";
		};
/* End PBXNativeTarget section */

/* Begin PBXProject section */
		A12597F72529C9F900582697 /* Project object */ = {
			isa = PBXProject;
			attributes = {
				LastUpgradeCheck = 1200;
				TargetAttributes = {
					A12597FE2529C9F900582697 = {
						CreatedOnToolsVersion = 12.0;
					};
					A12598192529C9FA00582697 = {
						CreatedOnToolsVersion = 12.0;
						TestTargetID = A12597FE2529C9F900582697;
					};
					A12598242529C9FA00582697 = {
						CreatedOnToolsVersion = 12.0;
						TestTargetID = A12597FE2529C9F900582697;
					};
				};
			};
			buildConfigurationList = A12597FA2529C9F900582697 /* Build configuration list for PBXProject "IJKPlayerTest" */;
			compatibilityVersion = "Xcode 9.3";
			developmentRegion = en;
			hasScannedForEncodings = 0;
			knownRegions = (
				en,
				Base,
			);
			mainGroup = A12597F62529C9F900582697;
			productRefGroup = A12598002529C9F900582697 /* Products */;
			projectDirPath = "";
			projectRoot = "";
			targets = (
				A12597FE2529C9F900582697 /* IJKPlayerTest */,
				A12598192529C9FA00582697 /* IJKPlayerTestTests */,
				A12598242529C9FA00582697 /* IJKPlayerTestUITests */,
			);
		};
/* End PBXProject section */

/* Begin PBXResourcesBuildPhase section */
		A12597FD2529C9F900582697 /* Resources */ = {
			isa = PBXResourcesBuildPhase;
			buildActionMask = 2147483647;
			files = (
				A12598122529C9FA00582697 /* LaunchScreen.storyboard in Resources */,
				A1835E0F252F61D5003F8645 /* jietu.jpeg in Resources */,
				A1835E0A252F614F003F8645 /* imagegif.gif in Resources */,
				A125980F2529C9FA00582697 /* Assets.xcassets in Resources */,
				A125980D2529C9F900582697 /* Main.storyboard in Resources */,
			);
			runOnlyForDeploymentPostprocessing = 0;
		};
		A12598182529C9FA00582697 /* Resources */ = {
			isa = PBXResourcesBuildPhase;
			buildActionMask = 2147483647;
			files = (
			);
			runOnlyForDeploymentPostprocessing = 0;
		};
		A12598232529C9FA00582697 /* Resources */ = {
			isa = PBXResourcesBuildPhase;
			buildActionMask = 2147483647;
			files = (
			);
			runOnlyForDeploymentPostprocessing = 0;
		};
/* End PBXResourcesBuildPhase section */

/* Begin PBXSourcesBuildPhase section */
		A12597FB2529C9F900582697 /* Sources */ = {
			isa = PBXSourcesBuildPhase;
			buildActionMask = 2147483647;
			files = (
				A11BF2A0252C558B000F1CF8 /* IJKPlayerViewController.m in Sources */,
				A125980A2529C9F900582697 /* ViewController.m in Sources */,
				A12598042529C9F900582697 /* AppDelegate.m in Sources */,
				A1835E05252F3AD3003F8645 /* TouchButton.m in Sources */,
				A12598152529C9FA00582697 /* main.m in Sources */,
				A12598072529C9F900582697 /* SceneDelegate.m in Sources */,
			);
			runOnlyForDeploymentPostprocessing = 0;
		};
		A12598162529C9FA00582697 /* Sources */ = {
			isa = PBXSourcesBuildPhase;
			buildActionMask = 2147483647;
			files = (
				A125981F2529C9FA00582697 /* IJKPlayerTestTests.m in Sources */,
			);
			runOnlyForDeploymentPostprocessing = 0;
		};
		A12598212529C9FA00582697 /* Sources */ = {
			isa = PBXSourcesBuildPhase;
			buildActionMask = 2147483647;
			files = (
				A125982A2529C9FA00582697 /* IJKPlayerTestUITests.m in Sources */,
			);
			runOnlyForDeploymentPostprocessing = 0;
		};
/* End PBXSourcesBuildPhase section */

/* Begin PBXTargetDependency section */
		A125981C2529C9FA00582697 /* PBXTargetDependency */ = {
			isa = PBXTargetDependency;
			target = A12597FE2529C9F900582697 /* IJKPlayerTest */;
			targetProxy = A125981B2529C9FA00582697 /* PBXContainerItemProxy */;
		};
		A12598272529C9FA00582697 /* PBXTargetDependency */ = {
			isa = PBXTargetDependency;
			target = A12597FE2529C9F900582697 /* IJKPlayerTest */;
			targetProxy = A12598262529C9FA00582697 /* PBXContainerItemProxy */;
		};
/* End PBXTargetDependency section */

/* Begin PBXVariantGroup section */
		A125980B2529C9F900582697 /* Main.storyboard */ = {
			isa = PBXVariantGroup;
			children = (
				A125980C2529C9F900582697 /* Base */,
			);
			name = Main.storyboard;
			sourceTree = "<group>";
		};
		A12598102529C9FA00582697 /* LaunchScreen.storyboard */ = {
			isa = PBXVariantGroup;
			children = (
				A12598112529C9FA00582697 /* Base */,
			);
			name = LaunchScreen.storyboard;
			sourceTree = "<group>";
		};
/* End PBXVariantGroup section */

/* Begin XCBuildConfiguration section */
		A125982C2529C9FA00582697 /* Debug */ = {
			isa = XCBuildConfiguration;
			buildSettings = {
				ALWAYS_SEARCH_USER_PATHS = NO;
				CLANG_ANALYZER_NONNULL = YES;
				CLANG_ANALYZER_NUMBER_OBJECT_CONVERSION = YES_AGGRESSIVE;
				CLANG_CXX_LANGUAGE_STANDARD = "gnu++14";
				CLANG_CXX_LIBRARY = "libc++";
				CLANG_ENABLE_MODULES = YES;
				CLANG_ENABLE_OBJC_ARC = YES;
				CLANG_ENABLE_OBJC_WEAK = YES;
				CLANG_WARN_BLOCK_CAPTURE_AUTORELEASING = YES;
				CLANG_WARN_BOOL_CONVERSION = YES;
				CLANG_WARN_COMMA = YES;
				CLANG_WARN_CONSTANT_CONVERSION = YES;
				CLANG_WARN_DEPRECATED_OBJC_IMPLEMENTATIONS = YES;
				CLANG_WARN_DIRECT_OBJC_ISA_USAGE = YES_ERROR;
				CLANG_WARN_DOCUMENTATION_COMMENTS = YES;
				CLANG_WARN_EMPTY_BODY = YES;
				CLANG_WARN_ENUM_CONVERSION = YES;
				CLANG_WARN_INFINITE_RECURSION = YES;
				CLANG_WARN_INT_CONVERSION = YES;
				CLANG_WARN_NON_LITERAL_NULL_CONVERSION = YES;
				CLANG_WARN_OBJC_IMPLICIT_RETAIN_SELF = YES;
				CLANG_WARN_OBJC_LITERAL_CONVERSION = YES;
				CLANG_WARN_OBJC_ROOT_CLASS = YES_ERROR;
				CLANG_WARN_QUOTED_INCLUDE_IN_FRAMEWORK_HEADER = YES;
				CLANG_WARN_RANGE_LOOP_ANALYSIS = YES;
				CLANG_WARN_STRICT_PROTOTYPES = YES;
				CLANG_WARN_SUSPICIOUS_MOVE = YES;
				CLANG_WARN_UNGUARDED_AVAILABILITY = YES_AGGRESSIVE;
				CLANG_WARN_UNREACHABLE_CODE = YES;
				CLANG_WARN__DUPLICATE_METHOD_MATCH = YES;
				COPY_PHASE_STRIP = NO;
				DEBUG_INFORMATION_FORMAT = dwarf;
				ENABLE_STRICT_OBJC_MSGSEND = YES;
				ENABLE_TESTABILITY = YES;
				GCC_C_LANGUAGE_STANDARD = gnu11;
				GCC_DYNAMIC_NO_PIC = NO;
				GCC_NO_COMMON_BLOCKS = YES;
				GCC_OPTIMIZATION_LEVEL = 0;
				GCC_PREPROCESSOR_DEFINITIONS = (
					"DEBUG=1",
					"$(inherited)",
				);
				GCC_WARN_64_TO_32_BIT_CONVERSION = YES;
				GCC_WARN_ABOUT_RETURN_TYPE = YES_ERROR;
				GCC_WARN_UNDECLARED_SELECTOR = YES;
				GCC_WARN_UNINITIALIZED_AUTOS = YES_AGGRESSIVE;
				GCC_WARN_UNUSED_FUNCTION = YES;
				GCC_WARN_UNUSED_VARIABLE = YES;
				IPHONEOS_DEPLOYMENT_TARGET = 14.0;
				MTL_ENABLE_DEBUG_INFO = INCLUDE_SOURCE;
				MTL_FAST_MATH = YES;
				ONLY_ACTIVE_ARCH = YES;
				SDKROOT = iphoneos;
			};
			name = Debug;
		};
		A125982D2529C9FA00582697 /* Release */ = {
			isa = XCBuildConfiguration;
			buildSettings = {
				ALWAYS_SEARCH_USER_PATHS = NO;
				CLANG_ANALYZER_NONNULL = YES;
				CLANG_ANALYZER_NUMBER_OBJECT_CONVERSION = YES_AGGRESSIVE;
				CLANG_CXX_LANGUAGE_STANDARD = "gnu++14";
				CLANG_CXX_LIBRARY = "libc++";
				CLANG_ENABLE_MODULES = YES;
				CLANG_ENABLE_OBJC_ARC = YES;
				CLANG_ENABLE_OBJC_WEAK = YES;
				CLANG_WARN_BLOCK_CAPTURE_AUTORELEASING = YES;
				CLANG_WARN_BOOL_CONVERSION = YES;
				CLANG_WARN_COMMA = YES;
				CLANG_WARN_CONSTANT_CONVERSION = YES;
				CLANG_WARN_DEPRECATED_OBJC_IMPLEMENTATIONS = YES;
				CLANG_WARN_DIRECT_OBJC_ISA_USAGE = YES_ERROR;
				CLANG_WARN_DOCUMENTATION_COMMENTS = YES;
				CLANG_WARN_EMPTY_BODY = YES;
				CLANG_WARN_ENUM_CONVERSION = YES;
				CLANG_WARN_INFINITE_RECURSION = YES;
				CLANG_WARN_INT_CONVERSION = YES;
				CLANG_WARN_NON_LITERAL_NULL_CONVERSION = YES;
				CLANG_WARN_OBJC_IMPLICIT_RETAIN_SELF = YES;
				CLANG_WARN_OBJC_LITERAL_CONVERSION = YES;
				CLANG_WARN_OBJC_ROOT_CLASS = YES_ERROR;
				CLANG_WARN_QUOTED_INCLUDE_IN_FRAMEWORK_HEADER = YES;
				CLANG_WARN_RANGE_LOOP_ANALYSIS = YES;
				CLANG_WARN_STRICT_PROTOTYPES = YES;
				CLANG_WARN_SUSPICIOUS_MOVE = YES;
				CLANG_WARN_UNGUARDED_AVAILABILITY = YES_AGGRESSIVE;
				CLANG_WARN_UNREACHABLE_CODE = YES;
				CLANG_WARN__DUPLICATE_METHOD_MATCH = YES;
				COPY_PHASE_STRIP = NO;
				DEBUG_INFORMATION_FORMAT = "dwarf-with-dsym";
				ENABLE_NS_ASSERTIONS = NO;
				ENABLE_STRICT_OBJC_MSGSEND = YES;
				GCC_C_LANGUAGE_STANDARD = gnu11;
				GCC_NO_COMMON_BLOCKS = YES;
				GCC_WARN_64_TO_32_BIT_CONVERSION = YES;
				GCC_WARN_ABOUT_RETURN_TYPE = YES_ERROR;
				GCC_WARN_UNDECLARED_SELECTOR = YES;
				GCC_WARN_UNINITIALIZED_AUTOS = YES_AGGRESSIVE;
				GCC_WARN_UNUSED_FUNCTION = YES;
				GCC_WARN_UNUSED_VARIABLE = YES;
				IPHONEOS_DEPLOYMENT_TARGET = 14.0;
				MTL_ENABLE_DEBUG_INFO = NO;
				MTL_FAST_MATH = YES;
				SDKROOT = iphoneos;
				VALIDATE_PRODUCT = YES;
			};
			name = Release;
		};
		A125982F2529C9FA00582697 /* Debug */ = {
			isa = XCBuildConfiguration;
			buildSettings = {
				ASSETCATALOG_COMPILER_APPICON_NAME = AppIcon;
				ASSETCATALOG_COMPILER_GLOBAL_ACCENT_COLOR_NAME = AccentColor;
				CODE_SIGN_STYLE = Automatic;
				DEVELOPMENT_TEAM = KGB4YH8FC6;
				FRAMEWORK_SEARCH_PATHS = (
					"$(inherited)",
					"$(PROJECT_DIR)",
					"$(PROJECT_DIR)/Frameworks",
				);
				HEADER_SEARCH_PATHS = "";
				INFOPLIST_FILE = IJKPlayerTest/Info.plist;
				LD_RUNPATH_SEARCH_PATHS = (
					"$(inherited)",
					"@executable_path/Frameworks",
				);
				PRODUCT_BUNDLE_IDENTIFIER = com.myron.IJKPlayerTest;
				PRODUCT_NAME = "$(TARGET_NAME)";
				TARGETED_DEVICE_FAMILY = "1,2";
			};
			name = Debug;
		};
		A12598302529C9FA00582697 /* Release */ = {
			isa = XCBuildConfiguration;
			buildSettings = {
				ASSETCATALOG_COMPILER_APPICON_NAME = AppIcon;
				ASSETCATALOG_COMPILER_GLOBAL_ACCENT_COLOR_NAME = AccentColor;
				CODE_SIGN_STYLE = Automatic;
				DEVELOPMENT_TEAM = KGB4YH8FC6;
				FRAMEWORK_SEARCH_PATHS = (
					"$(inherited)",
					"$(PROJECT_DIR)",
					"$(PROJECT_DIR)/Frameworks",
				);
				HEADER_SEARCH_PATHS = "";
				INFOPLIST_FILE = IJKPlayerTest/Info.plist;
				LD_RUNPATH_SEARCH_PATHS = (
					"$(inherited)",
					"@executable_path/Frameworks",
				);
				PRODUCT_BUNDLE_IDENTIFIER = com.myron.IJKPlayerTest;
				PRODUCT_NAME = "$(TARGET_NAME)";
				TARGETED_DEVICE_FAMILY = "1,2";
			};
			name = Release;
		};
		A12598322529C9FA00582697 /* Debug */ = {
			isa = XCBuildConfiguration;
			buildSettings = {
				BUNDLE_LOADER = "$(TEST_HOST)";
				CODE_SIGN_STYLE = Automatic;
				DEVELOPMENT_TEAM = KGB4YH8FC6;
				INFOPLIST_FILE = IJKPlayerTestTests/Info.plist;
				IPHONEOS_DEPLOYMENT_TARGET = 14.0;
				LD_RUNPATH_SEARCH_PATHS = (
					"$(inherited)",
					"@executable_path/Frameworks",
					"@loader_path/Frameworks",
				);
				PRODUCT_BUNDLE_IDENTIFIER = com.myron.IJKPlayerTestTests;
				PRODUCT_NAME = "$(TARGET_NAME)";
				TARGETED_DEVICE_FAMILY = "1,2";
				TEST_HOST = "$(BUILT_PRODUCTS_DIR)/IJKPlayerTest.app/IJKPlayerTest";
			};
			name = Debug;
		};
		A12598332529C9FA00582697 /* Release */ = {
			isa = XCBuildConfiguration;
			buildSettings = {
				BUNDLE_LOADER = "$(TEST_HOST)";
				CODE_SIGN_STYLE = Automatic;
				DEVELOPMENT_TEAM = KGB4YH8FC6;
				INFOPLIST_FILE = IJKPlayerTestTests/Info.plist;
				IPHONEOS_DEPLOYMENT_TARGET = 14.0;
				LD_RUNPATH_SEARCH_PATHS = (
					"$(inherited)",
					"@executable_path/Frameworks",
					"@loader_path/Frameworks",
				);
				PRODUCT_BUNDLE_IDENTIFIER = com.myron.IJKPlayerTestTests;
				PRODUCT_NAME = "$(TARGET_NAME)";
				TARGETED_DEVICE_FAMILY = "1,2";
				TEST_HOST = "$(BUILT_PRODUCTS_DIR)/IJKPlayerTest.app/IJKPlayerTest";
			};
			name = Release;
		};
		A12598352529C9FA00582697 /* Debug */ = {
			isa = XCBuildConfiguration;
			buildSettings = {
				CODE_SIGN_STYLE = Automatic;
				DEVELOPMENT_TEAM = KGB4YH8FC6;
				INFOPLIST_FILE = IJKPlayerTestUITests/Info.plist;
				LD_RUNPATH_SEARCH_PATHS = (
					"$(inherited)",
					"@executable_path/Frameworks",
					"@loader_path/Frameworks",
				);
				PRODUCT_BUNDLE_IDENTIFIER = com.myron.IJKPlayerTestUITests;
				PRODUCT_NAME = "$(TARGET_NAME)";
				TARGETED_DEVICE_FAMILY = "1,2";
				TEST_TARGET_NAME = IJKPlayerTest;
			};
			name = Debug;
		};
		A12598362529C9FA00582697 /* Release */ = {
			isa = XCBuildConfiguration;
			buildSettings = {
				CODE_SIGN_STYLE = Automatic;
				DEVELOPMENT_TEAM = KGB4YH8FC6;
				INFOPLIST_FILE = IJKPlayerTestUITests/Info.plist;
				LD_RUNPATH_SEARCH_PATHS = (
					"$(inherited)",
					"@executable_path/Frameworks",
					"@loader_path/Frameworks",
				);
				PRODUCT_BUNDLE_IDENTIFIER = com.myron.IJKPlayerTestUITests;
				PRODUCT_NAME = "$(TARGET_NAME)";
				TARGETED_DEVICE_FAMILY = "1,2";
				TEST_TARGET_NAME = IJKPlayerTest;
			};
			name = Release;
		};
/* End XCBuildConfiguration section */

/* Begin XCConfigurationList section */
		A12597FA2529C9F900582697 /* Build configuration list for PBXProject "IJKPlayerTest" */ = {
			isa = XCConfigurationList;
			buildConfigurations = (
				A125982C2529C9FA00582697 /* Debug */,
				A125982D2529C9FA00582697 /* Release */,
			);
			defaultConfigurationIsVisible = 0;
			defaultConfigurationName = Release;
		};
		A125982E2529C9FA00582697 /* Build configuration list for PBXNativeTarget "IJKPlayerTest" */ = {
			isa = XCConfigurationList;
			buildConfigurations = (
				A125982F2529C9FA00582697 /* Debug */,
				A12598302529C9FA00582697 /* Release */,
			);
			defaultConfigurationIsVisible = 0;
			defaultConfigurationName = Release;
		};
		A12598312529C9FA00582697 /* Build configuration list for PBXNativeTarget "IJKPlayerTestTests" */ = {
			isa = XCConfigurationList;
			buildConfigurations = (
				A12598322529C9FA00582697 /* Debug */,
				A12598332529C9FA00582697 /* Release */,
			);
			defaultConfigurationIsVisible = 0;
			defaultConfigurationName = Release;
		};
		A12598342529C9FA00582697 /* Build configuration list for PBXNativeTarget "IJKPlayerTestUITests" */ = {
			isa = XCConfigurationList;
			buildConfigurations = (
				A12598352529C9FA00582697 /* Debug */,
				A12598362529C9FA00582697 /* Release */,
			);
			defaultConfigurationIsVisible = 0;
			defaultConfigurationName = Release;
		};
/* End XCConfigurationList section */
	};
	rootObject = A12597F72529C9F900582697 /* Project object */;
}
